// !$*UTF8*$!
{
	archiveVersion = 1;
	classes = {
	};
	objectVersion = 55;
	objects = {

/* Begin PBXBuildFile section */
		D7A762622CCA8F92008EFE6A /* CalControlApp.swift in Sources */ = {isa = PBXBuildFile; fileRef = D7A762612CCA8F92008EFE6A /* CalControlApp.swift */; };
		D7A762642CCA8F92008EFE6A /* ContentView.swift in Sources */ = {isa = PBXBuildFile; fileRef = D7A762632CCA8F92008EFE6A /* ContentView.swift */; };
		D7A762662CCA8F96008EFE6A /* Assets.xcassets in Resources */ = {isa = PBXBuildFile; fileRef = D7A762652CCA8F96008EFE6A /* Assets.xcassets */; };
		D7A762692CCA8F96008EFE6A /* Preview Assets.xcassets in Resources */ = {isa = PBXBuildFile; fileRef = D7A762682CCA8F96008EFE6A /* Preview Assets.xcassets */; };
		D7A762732CCA8F96008EFE6A /* CalControlTests.swift in Sources */ = {isa = PBXBuildFile; fileRef = D7A762722CCA8F96008EFE6A /* CalControlTests.swift */; };
		D7A7627D2CCA8F96008EFE6A /* CalControlUITests.swift in Sources */ = {isa = PBXBuildFile; fileRef = D7A7627C2CCA8F96008EFE6A /* CalControlUITests.swift */; };
		D7A7627F2CCA8F96008EFE6A /* CalControlUITestsLaunchTests.swift in Sources */ = {isa = PBXBuildFile; fileRef = D7A7627E2CCA8F96008EFE6A /* CalControlUITestsLaunchTests.swift */; };
/* End PBXBuildFile section */

/* Begin PBXContainerItemProxy section */
		D7A7626F2CCA8F96008EFE6A /* PBXContainerItemProxy */ = {
			isa = PBXContainerItemProxy;
			containerPortal = D7A762562CCA8F92008EFE6A /* Project object */;
			proxyType = 1;
			remoteGlobalIDString = D7A7625D2CCA8F92008EFE6A;
			remoteInfo = CalControl;
		};
		D7A762792CCA8F96008EFE6A /* PBXContainerItemProxy */ = {
			isa = PBXContainerItemProxy;
			containerPortal = D7A762562CCA8F92008EFE6A /* Project object */;
			proxyType = 1;
			remoteGlobalIDString = D7A7625D2CCA8F92008EFE6A;
			remoteInfo = CalControl;
		};
/* End PBXContainerItemProxy section */

/* Begin PBXFileReference section */
		D7A7625E2CCA8F92008EFE6A /* CalControl.app */ = {isa = PBXFileReference; explicitFileType = wrapper.application; includeInIndex = 0; path = CalControl.app; sourceTree = BUILT_PRODUCTS_DIR; };
		D7A762612CCA8F92008EFE6A /* CalControlApp.swift */ = {isa = PBXFileReference; lastKnownFileType = sourcecode.swift; path = CalControlApp.swift; sourceTree = "<group>"; };
		D7A762632CCA8F92008EFE6A /* ContentView.swift */ = {isa = PBXFileReference; lastKnownFileType = sourcecode.swift; path = ContentView.swift; sourceTree = "<group>"; };
		D7A762652CCA8F96008EFE6A /* Assets.xcassets */ = {isa = PBXFileReference; lastKnownFileType = folder.assetcatalog; path = Assets.xcassets; sourceTree = "<group>"; };
		D7A762682CCA8F96008EFE6A /* Preview Assets.xcassets */ = {isa = PBXFileReference; lastKnownFileType = folder.assetcatalog; path = "Preview Assets.xcassets"; sourceTree = "<group>"; };
		D7A7626E2CCA8F96008EFE6A /* CalControlTests.xctest */ = {isa = PBXFileReference; explicitFileType = wrapper.cfbundle; includeInIndex = 0; path = CalControlTests.xctest; sourceTree = BUILT_PRODUCTS_DIR; };
		D7A762722CCA8F96008EFE6A /* CalControlTests.swift */ = {isa = PBXFileReference; lastKnownFileType = sourcecode.swift; path = CalControlTests.swift; sourceTree = "<group>"; };
		D7A762782CCA8F96008EFE6A /* CalControlUITests.xctest */ = {isa = PBXFileReference; explicitFileType = wrapper.cfbundle; includeInIndex = 0; path = CalControlUITests.xctest; sourceTree = BUILT_PRODUCTS_DIR; };
		D7A7627C2CCA8F96008EFE6A /* CalControlUITests.swift */ = {isa = PBXFileReference; lastKnownFileType = sourcecode.swift; path = CalControlUITests.swift; sourceTree = "<group>"; };
		D7A7627E2CCA8F96008EFE6A /* CalControlUITestsLaunchTests.swift */ = {isa = PBXFileReference; lastKnownFileType = sourcecode.swift; path = CalControlUITestsLaunchTests.swift; sourceTree = "<group>"; };
/* End PBXFileReference section */

/* Begin PBXFrameworksBuildPhase section */
		D7A7625B2CCA8F92008EFE6A /* Frameworks */ = {
			isa = PBXFrameworksBuildPhase;
			buildActionMask = 2147483647;
			files = (
			);
			runOnlyForDeploymentPostprocessing = 0;
		};
		D7A7626B2CCA8F96008EFE6A /* Frameworks */ = {
			isa = PBXFrameworksBuildPhase;
			buildActionMask = 2147483647;
			files = (
			);
			runOnlyForDeploymentPostprocessing = 0;
		};
		D7A762752CCA8F96008EFE6A /* Frameworks */ = {
			isa = PBXFrameworksBuildPhase;
			buildActionMask = 2147483647;
			files = (
			);
			runOnlyForDeploymentPostprocessing = 0;
		};
/* End PBXFrameworksBuildPhase section */

/* Begin PBXGroup section */
		D7A762552CCA8F92008EFE6A = {
			isa = PBXGroup;
			children = (
				D7A762602CCA8F92008EFE6A /* CalControl */,
				D7A762712CCA8F96008EFE6A /* CalControlTests */,
				D7A7627B2CCA8F96008EFE6A /* CalControlUITests */,
				D7A7625F2CCA8F92008EFE6A /* Products */,
			);
			sourceTree = "<group>";
		};
		D7A7625F2CCA8F92008EFE6A /* Products */ = {
			isa = PBXGroup;
			children = (
				D7A7625E2CCA8F92008EFE6A /* CalControl.app */,
				D7A7626E2CCA8F96008EFE6A /* CalControlTests.xctest */,
				D7A762782CCA8F96008EFE6A /* CalControlUITests.xctest */,
			);
			name = Products;
			sourceTree = "<group>";
		};
		D7A762602CCA8F92008EFE6A /* CalControl */ = {
			isa = PBXGroup;
			children = (
				D7A762612CCA8F92008EFE6A /* CalControlApp.swift */,
				D7A762632CCA8F92008EFE6A /* ContentView.swift */,
				D7A762652CCA8F96008EFE6A /* Assets.xcassets */,
				D7A762672CCA8F96008EFE6A /* Preview Content */,
			);
			path = CalControl;
			sourceTree = "<group>";
		};
		D7A762672CCA8F96008EFE6A /* Preview Content */ = {
			isa = PBXGroup;
			children = (
				D7A762682CCA8F96008EFE6A /* Preview Assets.xcassets */,
			);
			path = "Preview Content";
			sourceTree = "<group>";
		};
		D7A762712CCA8F96008EFE6A /* CalControlTests */ = {
			isa = PBXGroup;
			children = (
				D7A762722CCA8F96008EFE6A /* CalControlTests.swift */,
			);
			path = CalControlTests;
			sourceTree = "<group>";
		};
		D7A7627B2CCA8F96008EFE6A /* CalControlUITests */ = {
			isa = PBXGroup;
			children = (
				D7A7627C2CCA8F96008EFE6A /* CalControlUITests.swift */,
				D7A7627E2CCA8F96008EFE6A /* CalControlUITestsLaunchTests.swift */,
			);
			path = CalControlUITests;
			sourceTree = "<group>";
		};
/* End PBXGroup section */

/* Begin PBXNativeTarget section */
		D7A7625D2CCA8F92008EFE6A /* CalControl */ = {
			isa = PBXNativeTarget;
			buildConfigurationList = D7A762822CCA8F96008EFE6A /* Build configuration list for PBXNativeTarget "CalControl" */;
			buildPhases = (
				D7A7625A2CCA8F92008EFE6A /* Sources */,
				D7A7625B2CCA8F92008EFE6A /* Frameworks */,
				D7A7625C2CCA8F92008EFE6A /* Resources */,
			);
			buildRules = (
			);
			dependencies = (
			);
			name = CalControl;
			productName = CalControl;
			productReference = D7A7625E2CCA8F92008EFE6A /* CalControl.app */;
			productType = "com.apple.product-type.application";
		};
		D7A7626D2CCA8F96008EFE6A /* CalControlTests */ = {
			isa = PBXNativeTarget;
			buildConfigurationList = D7A762852CCA8F96008EFE6A /* Build configuration list for PBXNativeTarget "CalControlTests" */;
			buildPhases = (
				D7A7626A2CCA8F96008EFE6A /* Sources */,
				D7A7626B2CCA8F96008EFE6A /* Frameworks */,
				D7A7626C2CCA8F96008EFE6A /* Resources */,
			);
			buildRules = (
			);
			dependencies = (
				D7A762702CCA8F96008EFE6A /* PBXTargetDependency */,
			);
			name = CalControlTests;
			productName = CalControlTests;
			productReference = D7A7626E2CCA8F96008EFE6A /* CalControlTests.xctest */;
			productType = "com.apple.product-type.bundle.unit-test";
		};
		D7A762772CCA8F96008EFE6A /* CalControlUITests */ = {
			isa = PBXNativeTarget;
			buildConfigurationList = D7A762882CCA8F96008EFE6A /* Build configuration list for PBXNativeTarget "CalControlUITests" */;
			buildPhases = (
				D7A762742CCA8F96008EFE6A /* Sources */,
				D7A762752CCA8F96008EFE6A /* Frameworks */,
				D7A762762CCA8F96008EFE6A /* Resources */,
			);
			buildRules = (
			);
			dependencies = (
				D7A7627A2CCA8F96008EFE6A /* PBXTargetDependency */,
			);
			name = CalControlUITests;
			productName = CalControlUITests;
			productReference = D7A762782CCA8F96008EFE6A /* CalControlUITests.xctest */;
			productType = "com.apple.product-type.bundle.ui-testing";
		};
/* End PBXNativeTarget section */

/* Begin PBXProject section */
		D7A762562CCA8F92008EFE6A /* Project object */ = {
			isa = PBXProject;
			attributes = {
				BuildIndependentTargetsInParallel = 1;
				LastSwiftUpdateCheck = 1320;
				LastUpgradeCheck = 1320;
				TargetAttributes = {
					D7A7625D2CCA8F92008EFE6A = {
						CreatedOnToolsVersion = 13.2.1;
					};
					D7A7626D2CCA8F96008EFE6A = {
						CreatedOnToolsVersion = 13.2.1;
						TestTargetID = D7A7625D2CCA8F92008EFE6A;
					};
					D7A762772CCA8F96008EFE6A = {
						CreatedOnToolsVersion = 13.2.1;
						TestTargetID = D7A7625D2CCA8F92008EFE6A;
					};
				};
			};
			buildConfigurationList = D7A762592CCA8F92008EFE6A /* Build configuration list for PBXProject "CalControl" */;
			compatibilityVersion = "Xcode 13.0";
			developmentRegion = en;
			hasScannedForEncodings = 0;
			knownRegions = (
				en,
				Base,
			);
			mainGroup = D7A762552CCA8F92008EFE6A;
			productRefGroup = D7A7625F2CCA8F92008EFE6A /* Products */;
			projectDirPath = "";
			projectRoot = "";
			targets = (
				D7A7625D2CCA8F92008EFE6A /* CalControl */,
				D7A7626D2CCA8F96008EFE6A /* CalControlTests */,
				D7A762772CCA8F96008EFE6A /* CalControlUITests */,
			);
		};
/* End PBXProject section */

/* Begin PBXResourcesBuildPhase section */
		D7A7625C2CCA8F92008EFE6A /* Resources */ = {
			isa = PBXResourcesBuildPhase;
			buildActionMask = 2147483647;
			files = (
				D7A762692CCA8F96008EFE6A /* Preview Assets.xcassets in Resources */,
				D7A762662CCA8F96008EFE6A /* Assets.xcassets in Resources */,
			);
			runOnlyForDeploymentPostprocessing = 0;
		};
		D7A7626C2CCA8F96008EFE6A /* Resources */ = {
			isa = PBXResourcesBuildPhase;
			buildActionMask = 2147483647;
			files = (
			);
			runOnlyForDeploymentPostprocessing = 0;
		};
		D7A762762CCA8F96008EFE6A /* Resources */ = {
			isa = PBXResourcesBuildPhase;
			buildActionMask = 2147483647;
			files = (
			);
			runOnlyForDeploymentPostprocessing = 0;
		};
/* End PBXResourcesBuildPhase section */

/* Begin PBXSourcesBuildPhase section */
		D7A7625A2CCA8F92008EFE6A /* Sources */ = {
			isa = PBXSourcesBuildPhase;
			buildActionMask = 2147483647;
			files = (
				D7A762642CCA8F92008EFE6A /* ContentView.swift in Sources */,
				D7A762622CCA8F92008EFE6A /* CalControlApp.swift in Sources */,
			);
			runOnlyForDeploymentPostprocessing = 0;
		};
		D7A7626A2CCA8F96008EFE6A /* Sources */ = {
			isa = PBXSourcesBuildPhase;
			buildActionMask = 2147483647;
			files = (
				D7A762732CCA8F96008EFE6A /* CalControlTests.swift in Sources */,
			);
			runOnlyForDeploymentPostprocessing = 0;
		};
		D7A762742CCA8F96008EFE6A /* Sources */ = {
			isa = PBXSourcesBuildPhase;
			buildActionMask = 2147483647;
			files = (
				D7A7627D2CCA8F96008EFE6A /* CalControlUITests.swift in Sources */,
				D7A7627F2CCA8F96008EFE6A /* CalControlUITestsLaunchTests.swift in Sources */,
			);
			runOnlyForDeploymentPostprocessing = 0;
		};
/* End PBXSourcesBuildPhase section */

/* Begin PBXTargetDependency section */
		D7A762702CCA8F96008EFE6A /* PBXTargetDependency */ = {
			isa = PBXTargetDependency;
			target = D7A7625D2CCA8F92008EFE6A /* CalControl */;
			targetProxy = D7A7626F2CCA8F96008EFE6A /* PBXContainerItemProxy */;
		};
		D7A7627A2CCA8F96008EFE6A /* PBXTargetDependency */ = {
			isa = PBXTargetDependency;
			target = D7A7625D2CCA8F92008EFE6A /* CalControl */;
			targetProxy = D7A762792CCA8F96008EFE6A /* PBXContainerItemProxy */;
		};
/* End PBXTargetDependency section */

/* Begin XCBuildConfiguration section */
		D7A762802CCA8F96008EFE6A /* Debug */ = {
			isa = XCBuildConfiguration;
			buildSettings = {
				ALWAYS_SEARCH_USER_PATHS = NO;
				CLANG_ANALYZER_NONNULL = YES;
				CLANG_ANALYZER_NUMBER_OBJECT_CONVERSION = YES_AGGRESSIVE;
				CLANG_CXX_LANGUAGE_STANDARD = "gnu++17";
				CLANG_CXX_LIBRARY = "libc++";
				CLANG_ENABLE_MODULES = YES;
				CLANG_ENABLE_OBJC_ARC = YES;
				CLANG_ENABLE_OBJC_WEAK = YES;
				CLANG_WARN_BLOCK_CAPTURE_AUTORELEASING = YES;
				CLANG_WARN_BOOL_CONVERSION = YES;
				CLANG_WARN_COMMA = YES;
				CLANG_WARN_CONSTANT_CONVERSION = YES;
				CLANG_WARN_DEPRECATED_OBJC_IMPLEMENTATIONS = YES;
				CLANG_WARN_DIRECT_OBJC_ISA_USAGE = YES_ERROR;
				CLANG_WARN_DOCUMENTATION_COMMENTS = YES;
				CLANG_WARN_EMPTY_BODY = YES;
				CLANG_WARN_ENUM_CONVERSION = YES;
				CLANG_WARN_INFINITE_RECURSION = YES;
				CLANG_WARN_INT_CONVERSION = YES;
				CLANG_WARN_NON_LITERAL_NULL_CONVERSION = YES;
				CLANG_WARN_OBJC_IMPLICIT_RETAIN_SELF = YES;
				CLANG_WARN_OBJC_LITERAL_CONVERSION = YES;
				CLANG_WARN_OBJC_ROOT_CLASS = YES_ERROR;
				CLANG_WARN_QUOTED_INCLUDE_IN_FRAMEWORK_HEADER = YES;
				CLANG_WARN_RANGE_LOOP_ANALYSIS = YES;
				CLANG_WARN_STRICT_PROTOTYPES = YES;
				CLANG_WARN_SUSPICIOUS_MOVE = YES;
				CLANG_WARN_UNGUARDED_AVAILABILITY = YES_AGGRESSIVE;
				CLANG_WARN_UNREACHABLE_CODE = YES;
				CLANG_WARN__DUPLICATE_METHOD_MATCH = YES;
				COPY_PHASE_STRIP = NO;
				DEBUG_INFORMATION_FORMAT = dwarf;
				ENABLE_STRICT_OBJC_MSGSEND = YES;
				ENABLE_TESTABILITY = YES;
				GCC_C_LANGUAGE_STANDARD = gnu11;
				GCC_DYNAMIC_NO_PIC = NO;
				GCC_NO_COMMON_BLOCKS = YES;
				GCC_OPTIMIZATION_LEVEL = 0;
				GCC_PREPROCESSOR_DEFINITIONS = (
					"DEBUG=1",
					"$(inherited)",
				);
				GCC_WARN_64_TO_32_BIT_CONVERSION = YES;
				GCC_WARN_ABOUT_RETURN_TYPE = YES_ERROR;
				GCC_WARN_UNDECLARED_SELECTOR = YES;
				GCC_WARN_UNINITIALIZED_AUTOS = YES_AGGRESSIVE;
				GCC_WARN_UNUSED_FUNCTION = YES;
				GCC_WARN_UNUSED_VARIABLE = YES;
				IPHONEOS_DEPLOYMENT_TARGET = 15.2;
				MTL_ENABLE_DEBUG_INFO = INCLUDE_SOURCE;
				MTL_FAST_MATH = YES;
				ONLY_ACTIVE_ARCH = YES;
				SDKROOT = iphoneos;
				SWIFT_ACTIVE_COMPILATION_CONDITIONS = DEBUG;
				SWIFT_OPTIMIZATION_LEVEL = "-Onone";
			};
			name = Debug;
		};
		D7A762812CCA8F96008EFE6A /* Release */ = {
			isa = XCBuildConfiguration;
			buildSettings = {
				ALWAYS_SEARCH_USER_PATHS = NO;
				CLANG_ANALYZER_NONNULL = YES;
				CLANG_ANALYZER_NUMBER_OBJECT_CONVERSION = YES_AGGRESSIVE;
				CLANG_CXX_LANGUAGE_STANDARD = "gnu++17";
				CLANG_CXX_LIBRARY = "libc++";
				CLANG_ENABLE_MODULES = YES;
				CLANG_ENABLE_OBJC_ARC = YES;
				CLANG_ENABLE_OBJC_WEAK = YES;
				CLANG_WARN_BLOCK_CAPTURE_AUTORELEASING = YES;
				CLANG_WARN_BOOL_CONVERSION = YES;
				CLANG_WARN_COMMA = YES;
				CLANG_WARN_CONSTANT_CONVERSION = YES;
				CLANG_WARN_DEPRECATED_OBJC_IMPLEMENTATIONS = YES;
				CLANG_WARN_DIRECT_OBJC_ISA_USAGE = YES_ERROR;
				CLANG_WARN_DOCUMENTATION_COMMENTS = YES;
				CLANG_WARN_EMPTY_BODY = YES;
				CLANG_WARN_ENUM_CONVERSION = YES;
				CLANG_WARN_INFINITE_RECURSION = YES;
				CLANG_WARN_INT_CONVERSION = YES;
				CLANG_WARN_NON_LITERAL_NULL_CONVERSION = YES;
				CLANG_WARN_OBJC_IMPLICIT_RETAIN_SELF = YES;
				CLANG_WARN_OBJC_LITERAL_CONVERSION = YES;
				CLANG_WARN_OBJC_ROOT_CLASS = YES_ERROR;
				CLANG_WARN_QUOTED_INCLUDE_IN_FRAMEWORK_HEADER = YES;
				CLANG_WARN_RANGE_LOOP_ANALYSIS = YES;
				CLANG_WARN_STRICT_PROTOTYPES = YES;
				CLANG_WARN_SUSPICIOUS_MOVE = YES;
				CLANG_WARN_UNGUARDED_AVAILABILITY = YES_AGGRESSIVE;
				CLANG_WARN_UNREACHABLE_CODE = YES;
				CLANG_WARN__DUPLICATE_METHOD_MATCH = YES;
				COPY_PHASE_STRIP = NO;
				DEBUG_INFORMATION_FORMAT = "dwarf-with-dsym";
				ENABLE_NS_ASSERTIONS = NO;
				ENABLE_STRICT_OBJC_MSGSEND = YES;
				GCC_C_LANGUAGE_STANDARD = gnu11;
				GCC_NO_COMMON_BLOCKS = YES;
				GCC_WARN_64_TO_32_BIT_CONVERSION = YES;
				GCC_WARN_ABOUT_RETURN_TYPE = YES_ERROR;
				GCC_WARN_UNDECLARED_SELECTOR = YES;
				GCC_WARN_UNINITIALIZED_AUTOS = YES_AGGRESSIVE;
				GCC_WARN_UNUSED_FUNCTION = YES;
				GCC_WARN_UNUSED_VARIABLE = YES;
				IPHONEOS_DEPLOYMENT_TARGET = 15.2;
				MTL_ENABLE_DEBUG_INFO = NO;
				MTL_FAST_MATH = YES;
				SDKROOT = iphoneos;
				SWIFT_COMPILATION_MODE = wholemodule;
				SWIFT_OPTIMIZATION_LEVEL = "-O";
				VALIDATE_PRODUCT = YES;
			};
			name = Release;
		};
		D7A762832CCA8F96008EFE6A /* Debug */ = {
			isa = XCBuildConfiguration;
			buildSettings = {
				ASSETCATALOG_COMPILER_APPICON_NAME = AppIcon;
				ASSETCATALOG_COMPILER_GLOBAL_ACCENT_COLOR_NAME = AccentColor;
				CODE_SIGN_STYLE = Automatic;
				CURRENT_PROJECT_VERSION = 1;
				DEVELOPMENT_ASSET_PATHS = "\"CalControl/Preview Content\"";
				ENABLE_PREVIEWS = YES;
				GENERATE_INFOPLIST_FILE = YES;
				INFOPLIST_KEY_UIApplicationSceneManifest_Generation = YES;
				INFOPLIST_KEY_UIApplicationSupportsIndirectInputEvents = YES;
				INFOPLIST_KEY_UILaunchScreen_Generation = YES;
				INFOPLIST_KEY_UISupportedInterfaceOrientations_iPad = "UIInterfaceOrientationPortrait UIInterfaceOrientationPortraitUpsideDown UIInterfaceOrientationLandscapeLeft UIInterfaceOrientationLandscapeRight";
				INFOPLIST_KEY_UISupportedInterfaceOrientations_iPhone = "UIInterfaceOrientationPortrait UIInterfaceOrientationLandscapeLeft UIInterfaceOrientationLandscapeRight";
				LD_RUNPATH_SEARCH_PATHS = (
					"$(inherited)",
					"@executable_path/Frameworks",
				);
				MARKETING_VERSION = 1.0;
				PRODUCT_BUNDLE_IDENTIFIER = JJJ.CalControl;
				PRODUCT_NAME = "$(TARGET_NAME)";
				SWIFT_EMIT_LOC_STRINGS = YES;
				SWIFT_VERSION = 5.0;
				TARGETED_DEVICE_FAMILY = "1,2";
			};
			name = Debug;
		};
		D7A762842CCA8F96008EFE6A /* Release */ = {
			isa = XCBuildConfiguration;
			buildSettings = {
				ASSETCATALOG_COMPILER_APPICON_NAME = AppIcon;
				ASSETCATALOG_COMPILER_GLOBAL_ACCENT_COLOR_NAME = AccentColor;
				CODE_SIGN_STYLE = Automatic;
				CURRENT_PROJECT_VERSION = 1;
				DEVELOPMENT_ASSET_PATHS = "\"CalControl/Preview Content\"";
				ENABLE_PREVIEWS = YES;
				GENERATE_INFOPLIST_FILE = YES;
				INFOPLIST_KEY_UIApplicationSceneManifest_Generation = YES;
				INFOPLIST_KEY_UIApplicationSupportsIndirectInputEvents = YES;
				INFOPLIST_KEY_UILaunchScreen_Generation = YES;
				INFOPLIST_KEY_UISupportedInterfaceOrientations_iPad = "UIInterfaceOrientationPortrait UIInterfaceOrientationPortraitUpsideDown UIInterfaceOrientationLandscapeLeft UIInterfaceOrientationLandscapeRight";
				INFOPLIST_KEY_UISupportedInterfaceOrientations_iPhone = "UIInterfaceOrientationPortrait UIInterfaceOrientationLandscapeLeft UIInterfaceOrientationLandscapeRight";
				LD_RUNPATH_SEARCH_PATHS = (
					"$(inherited)",
					"@executable_path/Frameworks",
				);
				MARKETING_VERSION = 1.0;
				PRODUCT_BUNDLE_IDENTIFIER = JJJ.CalControl;
				PRODUCT_NAME = "$(TARGET_NAME)";
				SWIFT_EMIT_LOC_STRINGS = YES;
				SWIFT_VERSION = 5.0;
				TARGETED_DEVICE_FAMILY = "1,2";
			};
			name = Release;
		};
		D7A762862CCA8F96008EFE6A /* Debug */ = {
			isa = XCBuildConfiguration;
			buildSettings = {
				ALWAYS_EMBED_SWIFT_STANDARD_LIBRARIES = YES;
				BUNDLE_LOADER = "$(TEST_HOST)";
				CODE_SIGN_STYLE = Automatic;
				CURRENT_PROJECT_VERSION = 1;
				GENERATE_INFOPLIST_FILE = YES;
				IPHONEOS_DEPLOYMENT_TARGET = 15.2;
				MARKETING_VERSION = 1.0;
				PRODUCT_BUNDLE_IDENTIFIER = JJJ.CalControlTests;
				PRODUCT_NAME = "$(TARGET_NAME)";
				SWIFT_EMIT_LOC_STRINGS = NO;
				SWIFT_VERSION = 5.0;
				TARGETED_DEVICE_FAMILY = "1,2";
				TEST_HOST = "$(BUILT_PRODUCTS_DIR)/CalControl.app/CalControl";
			};
			name = Debug;
		};
		D7A762872CCA8F96008EFE6A /* Release */ = {
			isa = XCBuildConfiguration;
			buildSettings = {
				ALWAYS_EMBED_SWIFT_STANDARD_LIBRARIES = YES;
				BUNDLE_LOADER = "$(TEST_HOST)";
				CODE_SIGN_STYLE = Automatic;
				CURRENT_PROJECT_VERSION = 1;
				GENERATE_INFOPLIST_FILE = YES;
				IPHONEOS_DEPLOYMENT_TARGET = 15.2;
				MARKETING_VERSION = 1.0;
				PRODUCT_BUNDLE_IDENTIFIER = JJJ.CalControlTests;
				PRODUCT_NAME = "$(TARGET_NAME)";
				SWIFT_EMIT_LOC_STRINGS = NO;
				SWIFT_VERSION = 5.0;
				TARGETED_DEVICE_FAMILY = "1,2";
				TEST_HOST = "$(BUILT_PRODUCTS_DIR)/CalControl.app/CalControl";
			};
			name = Release;
		};
		D7A762892CCA8F96008EFE6A /* Debug */ = {
			isa = XCBuildConfiguration;
			buildSettings = {
				ALWAYS_EMBED_SWIFT_STANDARD_LIBRARIES = YES;
				CODE_SIGN_STYLE = Automatic;
				CURRENT_PROJECT_VERSION = 1;
				GENERATE_INFOPLIST_FILE = YES;
				MARKETING_VERSION = 1.0;
				PRODUCT_BUNDLE_IDENTIFIER = JJJ.CalControlUITests;
				PRODUCT_NAME = "$(TARGET_NAME)";
				SWIFT_EMIT_LOC_STRINGS = NO;
				SWIFT_VERSION = 5.0;
				TARGETED_DEVICE_FAMILY = "1,2";
				TEST_TARGET_NAME = CalControl;
			};
			name = Debug;
		};
		D7A7628A2CCA8F96008EFE6A /* Release */ = {
			isa = XCBuildConfiguration;
			buildSettings = {
				ALWAYS_EMBED_SWIFT_STANDARD_LIBRARIES = YES;
				CODE_SIGN_STYLE = Automatic;
				CURRENT_PROJECT_VERSION = 1;
				GENERATE_INFOPLIST_FILE = YES;
				MARKETING_VERSION = 1.0;
				PRODUCT_BUNDLE_IDENTIFIER = JJJ.CalControlUITests;
				PRODUCT_NAME = "$(TARGET_NAME)";
				SWIFT_EMIT_LOC_STRINGS = NO;
				SWIFT_VERSION = 5.0;
				TARGETED_DEVICE_FAMILY = "1,2";
				TEST_TARGET_NAME = CalControl;
			};
			name = Release;
		};
/* End XCBuildConfiguration section */

/* Begin XCConfigurationList section */
		D7A762592CCA8F92008EFE6A /* Build configuration list for PBXProject "CalControl" */ = {
			isa = XCConfigurationList;
			buildConfigurations = (
				D7A762802CCA8F96008EFE6A /* Debug */,
				D7A762812CCA8F96008EFE6A /* Release */,
			);
			defaultConfigurationIsVisible = 0;
			defaultConfigurationName = Release;
		};
		D7A762822CCA8F96008EFE6A /* Build configuration list for PBXNativeTarget "CalControl" */ = {
			isa = XCConfigurationList;
			buildConfigurations = (
				D7A762832CCA8F96008EFE6A /* Debug */,
				D7A762842CCA8F96008EFE6A /* Release */,
			);
			defaultConfigurationIsVisible = 0;
			defaultConfigurationName = Release;
		};
		D7A762852CCA8F96008EFE6A /* Build configuration list for PBXNativeTarget "CalControlTests" */ = {
			isa = XCConfigurationList;
			buildConfigurations = (
				D7A762862CCA8F96008EFE6A /* Debug */,
				D7A762872CCA8F96008EFE6A /* Release */,
			);
			defaultConfigurationIsVisible = 0;
			defaultConfigurationName = Release;
		};
		D7A762882CCA8F96008EFE6A /* Build configuration list for PBXNativeTarget "CalControlUITests" */ = {
			isa = XCConfigurationList;
			buildConfigurations = (
				D7A762892CCA8F96008EFE6A /* Debug */,
				D7A7628A2CCA8F96008EFE6A /* Release */,
			);
			defaultConfigurationIsVisible = 0;
			defaultConfigurationName = Release;
		};
/* End XCConfigurationList section */
	};
	rootObject = D7A762562CCA8F92008EFE6A /* Project object */;
}
